
Microsoft Visual Studio Solution File, Format Version 12.00
# Visual Studio Version 17
VisualStudioVersion = 17.13.35825.156 d17.13
MinimumVisualStudioVersion = 10.0.40219.1
Project("{FAE04EC0-301F-11D3-BF4B-00C04F79EFBC}") = "LinearListApp", "LinearListApp\LinearListApp.csproj", "{A6C268A3-BDCF-3EA9-BB04-2DF72FF34615}"
EndProject
Global
	GlobalSection(SolutionConfigurationPlatforms) = preSolution
		Debug|Any CPU = Debug|Any CPU
		Release|Any CPU = Release|Any CPU
	EndGlobalSection
	GlobalSection(ProjectConfigurationPlatforms) = postSolution
		{A6C268A3-BDCF-3EA9-BB04-2DF72FF34615}.Debug|Any CPU.ActiveCfg = Debug|Any CPU
		{A6C268A3-BDCF-3EA9-BB04-2DF72FF34615}.Debug|Any CPU.Build.0 = Debug|Any CPU
		{A6C268A3-BDCF-3EA9-BB04-2DF72FF34615}.Release|Any CPU.ActiveCfg = Release|Any CPU
		{A6C268A3-BDCF-3EA9-BB04-2DF72FF34615}.Release|Any CPU.Build.0 = Release|Any CPU
	EndGlobalSection
	GlobalSection(SolutionProperties) = preSolution
		HideSolutionNode = FALSE
	EndGlobalSection
	GlobalSection(ExtensibilityGlobals) = postSolution
		SolutionGuid = {57340C10-EC86-4343-AEC6-0BA36AB02391}
	EndGlobalSection
EndGlobal
